
Microsoft Visual Studio Solution File, Format Version 12.00
# Visual Studio Version 17
VisualStudioVersion = 17.9.34902.65
MinimumVisualStudioVersion = 10.0.40219.1
Project("{FAE04EC0-301F-11D3-BF4B-00C04F79EFBC}") = "Færdighedsprøve - 1 semester 2024", "Færdighedsprøve - 1 semester 2024\Færdighedsprøve - 1 semester 2024.csproj", "{BF584CC6-6218-4602-B561-F636EC3DF2C3}"
EndProject
Global
	GlobalSection(SolutionConfigurationPlatforms) = preSolution
		Debug|Any CPU = Debug|Any CPU
		Release|Any CPU = Release|Any CPU
	EndGlobalSection
	GlobalSection(ProjectConfigurationPlatforms) = postSolution
		{BF584CC6-6218-4602-B561-F636EC3DF2C3}.Debug|Any CPU.ActiveCfg = Debug|Any CPU
		{BF584CC6-6218-4602-B561-F636EC3DF2C3}.Debug|Any CPU.Build.0 = Debug|Any CPU
		{BF584CC6-6218-4602-B561-F636EC3DF2C3}.Release|Any CPU.ActiveCfg = Release|Any CPU
		{BF584CC6-6218-4602-B561-F636EC3DF2C3}.Release|Any CPU.Build.0 = Release|Any CPU
	EndGlobalSection
	GlobalSection(SolutionProperties) = preSolution
		HideSolutionNode = FALSE
	EndGlobalSection
	GlobalSection(ExtensibilityGlobals) = postSolution
		SolutionGuid = {E8FC3635-3CAC-484B-AB98-9580C3CE5183}
	EndGlobalSection
EndGlobal
